# THIS IS AN AUTOGENERATED FILE. DO NOT EDIT THIS FILE DIRECTLY.
# yarn lockfile v1


"@openzeppelin/contracts@^3.0.0":
  version "3.0.0"
  resolved "https://registry.yarnpkg.com/@openzeppelin/contracts/-/contracts-3.0.0.tgz#89bc0d32fc9eb257cf6499f2497a1b4a6715f186"
  integrity sha512-u7oATjUK6jffDOoIjVQ7vJ2fnFKlfDS1CJzrMpp+YtGQ2fhdSk0kXjZTxk8Pj1SPVZRNES3yo0r144v8BsuRhQ==
